
Microsoft Visual Studio Solution File, Format Version 12.00
# Visual Studio 2013
VisualStudioVersion = 12.0.31101.0
MinimumVisualStudioVersion = 10.0.40219.1
Project("{FAE04EC0-301F-11D3-BF4B-00C04F79EFBC}") = "BitmapVisualizer", "BitmapVisualizer\BitmapVisualizer.csproj", "{5F5F887B-F5CD-4B79-A12A-68B81AC46B3C}"
EndProject
Project("{FAE04EC0-301F-11D3-BF4B-00C04F79EFBC}") = "BitmapVisualizer_UnitTests", "BitmapVisualizer_UnitTests\BitmapVisualizer_UnitTests.csproj", "{5499DCB6-5C53-4568-B433-37CB07400D43}"
EndProject
Global
	GlobalSection(SolutionConfigurationPlatforms) = preSolution
		Debug|Any CPU = Debug|Any CPU
		Release|Any CPU = Release|Any CPU
	EndGlobalSection
	GlobalSection(ProjectConfigurationPlatforms) = postSolution
		{5F5F887B-F5CD-4B79-A12A-68B81AC46B3C}.Debug|Any CPU.ActiveCfg = Debug|Any CPU
		{5F5F887B-F5CD-4B79-A12A-68B81AC46B3C}.Debug|Any CPU.Build.0 = Debug|Any CPU
		{5F5F887B-F5CD-4B79-A12A-68B81AC46B3C}.Release|Any CPU.ActiveCfg = Release|Any CPU
		{5F5F887B-F5CD-4B79-A12A-68B81AC46B3C}.Release|Any CPU.Build.0 = Release|Any CPU
		{5499DCB6-5C53-4568-B433-37CB07400D43}.Debug|Any CPU.ActiveCfg = Debug|Any CPU
		{5499DCB6-5C53-4568-B433-37CB07400D43}.Debug|Any CPU.Build.0 = Debug|Any CPU
		{5499DCB6-5C53-4568-B433-37CB07400D43}.Release|Any CPU.ActiveCfg = Release|Any CPU
		{5499DCB6-5C53-4568-B433-37CB07400D43}.Release|Any CPU.Build.0 = Release|Any CPU
	EndGlobalSection
	GlobalSection(SolutionProperties) = preSolution
		HideSolutionNode = FALSE
	EndGlobalSection
EndGlobal
